
Microsoft Visual Studio Solution File, Format Version 12.00
# Visual Studio 15
VisualStudioVersion = 15.0.28010.2003
MinimumVisualStudioVersion = 10.0.40219.1
Project("{FAE04EC0-301F-11D3-BF4B-00C04F79EFBC}") = "RegistroDeBiblias", "RegistroDeBiblias\RegistroDeBiblias.csproj", "{9D6779C3-AA8A-45A6-BBAA-35BD6CDE9651}"
EndProject
Global
	GlobalSection(SolutionConfigurationPlatforms) = preSolution
		Debug|Any CPU = Debug|Any CPU
		Release|Any CPU = Release|Any CPU
	EndGlobalSection
	GlobalSection(ProjectConfigurationPlatforms) = postSolution
		{9D6779C3-AA8A-45A6-BBAA-35BD6CDE9651}.Debug|Any CPU.ActiveCfg = Debug|Any CPU
		{9D6779C3-AA8A-45A6-BBAA-35BD6CDE9651}.Debug|Any CPU.Build.0 = Debug|Any CPU
		{9D6779C3-AA8A-45A6-BBAA-35BD6CDE9651}.Release|Any CPU.ActiveCfg = Release|Any CPU
		{9D6779C3-AA8A-45A6-BBAA-35BD6CDE9651}.Release|Any CPU.Build.0 = Release|Any CPU
	EndGlobalSection
	GlobalSection(SolutionProperties) = preSolution
		HideSolutionNode = FALSE
	EndGlobalSection
	GlobalSection(ExtensibilityGlobals) = postSolution
		SolutionGuid = {7E6BE6E5-9F04-4A50-BFA0-60BB9EC59E18}
	EndGlobalSection
EndGlobal
